
Microsoft Visual Studio Solution File, Format Version 12.00
# Visual Studio Version 17
VisualStudioVersion = 17.13.35825.156 d17.13
MinimumVisualStudioVersion = 10.0.40219.1
Project("{FAE04EC0-301F-11D3-BF4B-00C04F79EFBC}") = "NZWalks.API", "NZWalks.API\NZWalks.API.csproj", "{18D44F08-397E-4B97-AF94-8FB91FEE101E}"
EndProject
Global
	GlobalSection(SolutionConfigurationPlatforms) = preSolution
		Debug|Any CPU = Debug|Any CPU
		Release|Any CPU = Release|Any CPU
	EndGlobalSection
	GlobalSection(ProjectConfigurationPlatforms) = postSolution
		{18D44F08-397E-4B97-AF94-8FB91FEE101E}.Debug|Any CPU.ActiveCfg = Debug|Any CPU
		{18D44F08-397E-4B97-AF94-8FB91FEE101E}.Debug|Any CPU.Build.0 = Debug|Any CPU
		{18D44F08-397E-4B97-AF94-8FB91FEE101E}.Release|Any CPU.ActiveCfg = Release|Any CPU
		{18D44F08-397E-4B97-AF94-8FB91FEE101E}.Release|Any CPU.Build.0 = Release|Any CPU
	EndGlobalSection
	GlobalSection(SolutionProperties) = preSolution
		HideSolutionNode = FALSE
	EndGlobalSection
	GlobalSection(ExtensibilityGlobals) = postSolution
		SolutionGuid = {6BB0A4A1-0ED6-4A14-940B-3FC599C86B35}
	EndGlobalSection
EndGlobal
